
Microsoft Visual Studio Solution File, Format Version 12.00
# Visual Studio Version 17
VisualStudioVersion = 17.5.33516.290
MinimumVisualStudioVersion = 10.0.40219.1
Project("{FAE04EC0-301F-11D3-BF4B-00C04F79EFBC}") = "movieApp", "movieApp.csproj", "{FBE00DBE-9C83-45BB-9E4E-EA25D9705C1C}"
EndProject
Global
	GlobalSection(SolutionConfigurationPlatforms) = preSolution
		Debug|Any CPU = Debug|Any CPU
		Release|Any CPU = Release|Any CPU
	EndGlobalSection
	GlobalSection(ProjectConfigurationPlatforms) = postSolution
		{FBE00DBE-9C83-45BB-9E4E-EA25D9705C1C}.Debug|Any CPU.ActiveCfg = Debug|Any CPU
		{FBE00DBE-9C83-45BB-9E4E-EA25D9705C1C}.Debug|Any CPU.Build.0 = Debug|Any CPU
		{FBE00DBE-9C83-45BB-9E4E-EA25D9705C1C}.Release|Any CPU.ActiveCfg = Release|Any CPU
		{FBE00DBE-9C83-45BB-9E4E-EA25D9705C1C}.Release|Any CPU.Build.0 = Release|Any CPU
	EndGlobalSection
	GlobalSection(SolutionProperties) = preSolution
		HideSolutionNode = FALSE
	EndGlobalSection
	GlobalSection(ExtensibilityGlobals) = postSolution
		SolutionGuid = {7C9D63EC-1169-4825-B37A-04B7194CC7F8}
	EndGlobalSection
EndGlobal
